
Microsoft Visual Studio Solution File, Format Version 12.00
# Visual Studio 15
VisualStudioVersion = 15.0.28307.572
MinimumVisualStudioVersion = 10.0.40219.1
Project("{9A19103F-16F7-4668-BE54-9A1E7A4F7556}") = "XPY.LineBot", "XPY.LineBot\XPY.LineBot.csproj", "{A28C0486-5D5C-4309-8F41-6C14C6915844}"
EndProject
Project("{9A19103F-16F7-4668-BE54-9A1E7A4F7556}") = "XPY.LineBot.Core", "XPY.LineBot.Core\XPY.LineBot.Core.csproj", "{FBA1E891-B2B7-486C-92E0-60D36ABC22CB}"
EndProject
Project("{9A19103F-16F7-4668-BE54-9A1E7A4F7556}") = "XPY.LineBot.Plugins.PttBeauty", "XPY.LineBot.Plugins.PttBeauty\XPY.LineBot.Plugins.PttBeauty.csproj", "{3327DCF7-94A8-48A4-9AA0-2A7E6699FDB2}"
EndProject
Project("{9A19103F-16F7-4668-BE54-9A1E7A4F7556}") = "XPY.LineBot.Plugins.Echo", "XPY.LineBot.Plugins.Echo\XPY.LineBot.Plugins.Echo.csproj", "{56EFF5DF-4F9D-4DCB-A5D6-A9FEFBA49492}"
EndProject
Project("{9A19103F-16F7-4668-BE54-9A1E7A4F7556}") = "XPY.LineBot.Plugins.TaiwanWeather", "XPY.LineBot.Plugins.TaiwanWeather\XPY.LineBot.Plugins.TaiwanWeather.csproj", "{A36E5D19-4970-4B0F-AD37-F44C98DE58BE}"
EndProject
Project("{FAE04EC0-301F-11D3-BF4B-00C04F79EFBC}") = "XPY.LineBot.Plugins.GitHubWebHook", "XPY.LineBot.Plugins.GitHubWebHook\XPY.LineBot.Plugins.GitHubWebHook.csproj", "{10E2FB61-A26C-40F6-8B61-C7F41780853D}"
EndProject
Project("{9A19103F-16F7-4668-BE54-9A1E7A4F7556}") = "LineBot", "LineBot\LineBot.csproj", "{7A77C716-D6B8-46E4-8EF3-6A5E83EA77EE}"
EndProject
Global
	GlobalSection(SolutionConfigurationPlatforms) = preSolution
		Debug|Any CPU = Debug|Any CPU
		Release|Any CPU = Release|Any CPU
	EndGlobalSection
	GlobalSection(ProjectConfigurationPlatforms) = postSolution
		{A28C0486-5D5C-4309-8F41-6C14C6915844}.Debug|Any CPU.ActiveCfg = Debug|Any CPU
		{A28C0486-5D5C-4309-8F41-6C14C6915844}.Debug|Any CPU.Build.0 = Debug|Any CPU
		{A28C0486-5D5C-4309-8F41-6C14C6915844}.Release|Any CPU.ActiveCfg = Release|Any CPU
		{A28C0486-5D5C-4309-8F41-6C14C6915844}.Release|Any CPU.Build.0 = Release|Any CPU
		{FBA1E891-B2B7-486C-92E0-60D36ABC22CB}.Debug|Any CPU.ActiveCfg = Debug|Any CPU
		{FBA1E891-B2B7-486C-92E0-60D36ABC22CB}.Debug|Any CPU.Build.0 = Debug|Any CPU
		{FBA1E891-B2B7-486C-92E0-60D36ABC22CB}.Release|Any CPU.ActiveCfg = Release|Any CPU
		{FBA1E891-B2B7-486C-92E0-60D36ABC22CB}.Release|Any CPU.Build.0 = Release|Any CPU
		{3327DCF7-94A8-48A4-9AA0-2A7E6699FDB2}.Debug|Any CPU.ActiveCfg = Debug|Any CPU
		{3327DCF7-94A8-48A4-9AA0-2A7E6699FDB2}.Debug|Any CPU.Build.0 = Debug|Any CPU
		{3327DCF7-94A8-48A4-9AA0-2A7E6699FDB2}.Release|Any CPU.ActiveCfg = Release|Any CPU
		{3327DCF7-94A8-48A4-9AA0-2A7E6699FDB2}.Release|Any CPU.Build.0 = Release|Any CPU
		{56EFF5DF-4F9D-4DCB-A5D6-A9FEFBA49492}.Debug|Any CPU.ActiveCfg = Debug|Any CPU
		{56EFF5DF-4F9D-4DCB-A5D6-A9FEFBA49492}.Debug|Any CPU.Build.0 = Debug|Any CPU
		{56EFF5DF-4F9D-4DCB-A5D6-A9FEFBA49492}.Release|Any CPU.ActiveCfg = Release|Any CPU
		{56EFF5DF-4F9D-4DCB-A5D6-A9FEFBA49492}.Release|Any CPU.Build.0 = Release|Any CPU
		{A36E5D19-4970-4B0F-AD37-F44C98DE58BE}.Debug|Any CPU.ActiveCfg = Debug|Any CPU
		{A36E5D19-4970-4B0F-AD37-F44C98DE58BE}.Debug|Any CPU.Build.0 = Debug|Any CPU
		{A36E5D19-4970-4B0F-AD37-F44C98DE58BE}.Release|Any CPU.ActiveCfg = Release|Any CPU
		{A36E5D19-4970-4B0F-AD37-F44C98DE58BE}.Release|Any CPU.Build.0 = Release|Any CPU
		{10E2FB61-A26C-40F6-8B61-C7F41780853D}.Debug|Any CPU.ActiveCfg = Debug|Any CPU
		{10E2FB61-A26C-40F6-8B61-C7F41780853D}.Debug|Any CPU.Build.0 = Debug|Any CPU
		{10E2FB61-A26C-40F6-8B61-C7F41780853D}.Release|Any CPU.ActiveCfg = Release|Any CPU
		{10E2FB61-A26C-40F6-8B61-C7F41780853D}.Release|Any CPU.Build.0 = Release|Any CPU
		{7A77C716-D6B8-46E4-8EF3-6A5E83EA77EE}.Debug|Any CPU.ActiveCfg = Debug|Any CPU
		{7A77C716-D6B8-46E4-8EF3-6A5E83EA77EE}.Debug|Any CPU.Build.0 = Debug|Any CPU
		{7A77C716-D6B8-46E4-8EF3-6A5E83EA77EE}.Release|Any CPU.ActiveCfg = Release|Any CPU
		{7A77C716-D6B8-46E4-8EF3-6A5E83EA77EE}.Release|Any CPU.Build.0 = Release|Any CPU
	EndGlobalSection
	GlobalSection(SolutionProperties) = preSolution
		HideSolutionNode = FALSE
	EndGlobalSection
	GlobalSection(ExtensibilityGlobals) = postSolution
		SolutionGuid = {6A6EFB4A-3359-4A82-949A-796693D7E766}
	EndGlobalSection
EndGlobal
